<?xml version="1.0" encoding="utf-8"?>
<Project ToolsVersion="4.0" xmlns="http://schemas.microsoft.com/developer/msbuild/2003">
  <ItemGroup>
    <Filter Include="source%28%2a.c%29">
      <UniqueIdentifier>{67DA6AB6-F800-4c08-8B7A-83BB121AAD01}</UniqueIdentifier>
      <Extensions>rc;ico;cur;bmp;dlg;rc2;rct;bin;rgs;gif;jpg;jpeg;jpe;resx;tiff;tif;png;wav</Extensions>
    </Filter>
    <Filter Include="resources%28%2a.rc%29">
      <UniqueIdentifier>{e743529e-13e7-42f9-b90b-b89402c9f46d}</UniqueIdentifier>
    </Filter>
    <Filter Include="sha1">
      <UniqueIdentifier>{0d505554-0d1f-445e-8410-2bb962bdf19d}</UniqueIdentifier>
    </Filter>
    <Filter Include="xml">
      <UniqueIdentifier>{dea0326e-f5ac-4f9c-b36d-24b5a7a892ec}</UniqueIdentifier>
    </Filter>
    <Filter Include="uuid">
      <UniqueIdentifier>{e5299078-91b6-4a09-aa4f-b595d544b0ff}</UniqueIdentifier>
    </Filter>
    <Filter Include="url">
      <UniqueIdentifier>{fb79a760-6e47-4a63-9a36-03a51ae47da4}</UniqueIdentifier>
    </Filter>
    <Filter Include="time">
      <UniqueIdentifier>{45e92ffe-48dd-4883-837a-3cee17de56da}</UniqueIdentifier>
    </Filter>
    <Filter Include="thread">
      <UniqueIdentifier>{7d6eed34-c0b2-4e0a-aafe-9bef9cd0812d}</UniqueIdentifier>
    </Filter>
    <Filter Include="string">
      <UniqueIdentifier>{b0283118-e3cd-435d-85f3-d6bd409cbc8f}</UniqueIdentifier>
    </Filter>
    <Filter Include="buffer">
      <UniqueIdentifier>{b1006793-06e7-4857-8d94-aa10f0c3a3d3}</UniqueIdentifier>
    </Filter>
    <Filter Include="ragel">
      <UniqueIdentifier>{e69f5a2f-a210-4d70-809e-25c423386052}</UniqueIdentifier>
    </Filter>
    <Filter Include="memory">
      <UniqueIdentifier>{29698d15-6172-407e-9394-6b060abe547d}</UniqueIdentifier>
    </Filter>
    <Filter Include="list">
      <UniqueIdentifier>{ea4fab21-7155-484f-9d47-15e7116f0214}</UniqueIdentifier>
    </Filter>
    <Filter Include="md5">
      <UniqueIdentifier>{d5885a7b-46c7-491c-890d-2e8beb50aa89}</UniqueIdentifier>
    </Filter>
    <Filter Include="fcs">
      <UniqueIdentifier>{577dced0-62d2-433f-94e5-9ae831772789}</UniqueIdentifier>
    </Filter>
    <Filter Include="plugin">
      <UniqueIdentifier>{e7191128-8448-4dca-b671-232388779cf0}</UniqueIdentifier>
    </Filter>
    <Filter Include="hmac">
      <UniqueIdentifier>{e0bff558-bd9f-4326-9aea-f027a821fe1d}</UniqueIdentifier>
    </Filter>
    <Filter Include="mutex">
      <UniqueIdentifier>{0c8a0ea3-9d4b-411d-b7b7-3b7e9bd9345b}</UniqueIdentifier>
    </Filter>
    <Filter Include="fsm">
      <UniqueIdentifier>{d7085a67-723d-4bfe-86a1-55620b301354}</UniqueIdentifier>
    </Filter>
    <Filter Include="base">
      <UniqueIdentifier>{c105a2c9-899f-434a-9b0e-34c04349a6b0}</UniqueIdentifier>
    </Filter>
    <Filter Include="condwait">
      <UniqueIdentifier>{6dd29153-bc9a-4321-8063-f20fdf541258}</UniqueIdentifier>
    </Filter>
    <Filter Include="debug">
      <UniqueIdentifier>{743ead82-6ca7-431b-be93-8bff17b416f9}</UniqueIdentifier>
    </Filter>
    <Filter Include="semaphore">
      <UniqueIdentifier>{5340a7e0-ff13-44a6-aa2a-29f326a04ac1}</UniqueIdentifier>
    </Filter>
    <Filter Include="task">
      <UniqueIdentifier>{d721a519-8968-4b2f-9a96-e3148cbb4f65}</UniqueIdentifier>
    </Filter>
    <Filter Include="object">
      <UniqueIdentifier>{0c66b72d-127a-4bc7-b5e0-ef9a14cff164}</UniqueIdentifier>
    </Filter>
    <Filter Include="config">
      <UniqueIdentifier>{c7170bd0-3401-4de9-90b7-c83434ab3165}</UniqueIdentifier>
    </Filter>
    <Filter Include="params">
      <UniqueIdentifier>{a33be4e2-ea1a-4362-84a0-2a492300714f}</UniqueIdentifier>
    </Filter>
    <Filter Include="utils">
      <UniqueIdentifier>{8402d0dd-9ec6-465d-95e3-eabe9a6d7443}</UniqueIdentifier>
    </Filter>
  </ItemGroup>
  <ItemGroup>
    <ClInclude Include="src\tsk_sha1.h">
      <Filter>sha1</Filter>
    </ClInclude>
    <ClInclude Include="src\tsk_xml.h">
      <Filter>xml</Filter>
    </ClInclude>
    <ClInclude Include="src\tsk_uuid.h">
      <Filter>uuid</Filter>
    </ClInclude>
    <ClInclude Include="src\tsk_url.h">
      <Filter>url</Filter>
    </ClInclude>
    <ClInclude Include="src\tsk_time.h">
      <Filter>time</Filter>
    </ClInclude>
    <ClInclude Include="src\tsk_timer.h">
      <Filter>time</Filter>
    </ClInclude>
    <ClInclude Include="src\tsk_thread.h">
      <Filter>thread</Filter>
    </ClInclude>
    <ClInclude Include="src\tsk_string.h">
      <Filter>string</Filter>
    </ClInclude>
    <ClInclude Include="src\tsk_buffer.h">
      <Filter>buffer</Filter>
    </ClInclude>
    <ClInclude Include="src\tsk_ragel_state.h">
      <Filter>ragel</Filter>
    </ClInclude>
    <ClInclude Include="src\tsk_memory.h">
      <Filter>memory</Filter>
    </ClInclude>
    <ClInclude Include="src\tsk_md5.h">
      <Filter>md5</Filter>
    </ClInclude>
    <ClInclude Include="src\tsk_list.h">
      <Filter>list</Filter>
    </ClInclude>
    <ClInclude Include="src\tsk_ppfcs16.h">
      <Filter>fcs</Filter>
    </ClInclude>
    <ClInclude Include="src\tsk_ppfcs32.h">
      <Filter>fcs</Filter>
    </ClInclude>
    <ClInclude Include="src\tsk_plugin.h">
      <Filter>plugin</Filter>
    </ClInclude>
    <ClInclude Include="src\tsk_hmac.h">
      <Filter>hmac</Filter>
    </ClInclude>
    <ClInclude Include="src\tsk_mutex.h">
      <Filter>mutex</Filter>
    </ClInclude>
    <ClInclude Include="src\tsk_fsm.h">
      <Filter>fsm</Filter>
    </ClInclude>
    <ClInclude Include="src\tsk_base64.h">
      <Filter>base</Filter>
    </ClInclude>
    <ClInclude Include="src\tsk_condwait.h">
      <Filter>condwait</Filter>
    </ClInclude>
    <ClInclude Include="src\tsk_debug.h">
      <Filter>debug</Filter>
    </ClInclude>
    <ClInclude Include="src\tsk_semaphore.h">
      <Filter>semaphore</Filter>
    </ClInclude>
    <ClInclude Include="src\tsk_runnable.h">
      <Filter>task</Filter>
    </ClInclude>
    <ClInclude Include="src\tsk_safeobj.h">
      <Filter>object</Filter>
    </ClInclude>
    <ClInclude Include="src\tsk_object.h">
      <Filter>object</Filter>
    </ClInclude>
    <ClInclude Include="src\tinysak_config.h">
      <Filter>config</Filter>
    </ClInclude>
    <ClInclude Include="src\tsk.h">
      <Filter>config</Filter>
    </ClInclude>
    <ClInclude Include="src\tsk_params.h">
      <Filter>params</Filter>
    </ClInclude>
    <ClInclude Include="src\tsk_options.h">
      <Filter>utils</Filter>
    </ClInclude>
    <ClInclude Include="src\tsk_binaryutils.h">
      <Filter>utils</Filter>
    </ClInclude>
    <ClInclude Include="src\tsk_common.h">
      <Filter>utils</Filter>
    </ClInclude>
    <ClInclude Include="src\tsk_errno.h">
      <Filter>utils</Filter>
    </ClInclude>
  </ItemGroup>
  <ItemGroup>
    <ClCompile Include="src\tsk_sha1.c">
      <Filter>sha1</Filter>
    </ClCompile>
    <ClCompile Include="src\tsk_url.c">
      <Filter>url</Filter>
    </ClCompile>
    <ClCompile Include="src\tsk_uuid.c">
      <Filter>uuid</Filter>
    </ClCompile>
    <ClCompile Include="src\tsk_xml.c">
      <Filter>xml</Filter>
    </ClCompile>
    <ClCompile Include="src\tsk_time.c">
      <Filter>time</Filter>
    </ClCompile>
    <ClCompile Include="src\tsk_timer.c">
      <Filter>time</Filter>
    </ClCompile>
    <ClCompile Include="src\tsk_string.c">
      <Filter>string</Filter>
    </ClCompile>
    <ClCompile Include="src\tsk_ragel_state.c">
      <Filter>ragel</Filter>
    </ClCompile>
    <ClCompile Include="src\tsk_plugin.c">
      <Filter>plugin</Filter>
    </ClCompile>
    <ClCompile Include="src\tsk_semaphore.c">
      <Filter>semaphore</Filter>
    </ClCompile>
    <ClCompile Include="src\tsk_runnable.c">
      <Filter>task</Filter>
    </ClCompile>
    <ClCompile Include="src\tsk_object.c">
      <Filter>object</Filter>
    </ClCompile>
    <ClCompile Include="src\tsk_safeobj.c">
      <Filter>object</Filter>
    </ClCompile>
    <ClCompile Include="src\tsk_params.c">
      <Filter>params</Filter>
    </ClCompile>
    <ClCompile Include="src\tsk_debug.c">
      <Filter>debug</Filter>
    </ClCompile>
    <ClCompile Include="src\tsk_base64.c">
      <Filter>base</Filter>
    </ClCompile>
    <ClCompile Include="src\tsk_fsm.c">
      <Filter>fsm</Filter>
    </ClCompile>
    <ClCompile Include="src\tsk_condwait.c">
      <Filter>condwait</Filter>
    </ClCompile>
    <ClCompile Include="src\tsk_hmac.c">
      <Filter>hmac</Filter>
    </ClCompile>
    <ClCompile Include="src\tsk_list.c">
      <Filter>list</Filter>
    </ClCompile>
    <ClCompile Include="src\tsk_md5.c">
      <Filter>md5</Filter>
    </ClCompile>
    <ClCompile Include="src\tsk_mutex.c">
      <Filter>mutex</Filter>
    </ClCompile>
    <ClCompile Include="src\tsk_thread.c">
      <Filter>thread</Filter>
    </ClCompile>
    <ClCompile Include="src\tsk_memory.c">
      <Filter>memory</Filter>
    </ClCompile>
    <ClCompile Include="src\tsk_buffer.c">
      <Filter>buffer</Filter>
    </ClCompile>
    <ClCompile Include="src\tsk_ppfcs16.c">
      <Filter>fcs</Filter>
    </ClCompile>
    <ClCompile Include="src\tsk_ppfcs32.c">
      <Filter>fcs</Filter>
    </ClCompile>
    <ClCompile Include="src\tsk_options.c">
      <Filter>utils</Filter>
    </ClCompile>
    <ClCompile Include="src\tsk_binaryutils.c">
      <Filter>utils</Filter>
    </ClCompile>
    <ClCompile Include="src\tsk.c">
      <Filter>config</Filter>
    </ClCompile>
  </ItemGroup>
  <ItemGroup>
    <ResourceCompile Include="version.rc">
      <Filter>resources%28%2a.rc%29</Filter>
    </ResourceCompile>
  </ItemGroup>
</Project>