<?xml version="1.0" encoding="utf-8"?>
<Project ToolsVersion="4.0" xmlns="http://schemas.microsoft.com/developer/msbuild/2003">
  <ItemGroup>
    <Filter Include="resources%28%2a.rc%29">
      <UniqueIdentifier>{61fa6cf0-31e8-4dc7-99bf-d6503460b13f}</UniqueIdentifier>
    </Filter>
    <Filter Include="src">
      <UniqueIdentifier>{fe4174cd-7283-419f-9e75-c9607a3ff67f}</UniqueIdentifier>
    </Filter>
  </ItemGroup>
  <ItemGroup>
    <ClInclude Include="src\tinyipsec_config.h">
      <Filter>src</Filter>
    </ClInclude>
    <ClInclude Include="src\tipsec.h">
      <Filter>src</Filter>
    </ClInclude>
  </ItemGroup>
  <ItemGroup>
    <ResourceCompile Include="version.rc">
      <Filter>resources%28%2a.rc%29</Filter>
    </ResourceCompile>
  </ItemGroup>
  <ItemGroup>
    <ClCompile Include="src\tipsec.c">
      <Filter>src</Filter>
    </ClCompile>
  </ItemGroup>
</Project>