<?xml version="1.0" encoding="utf-8"?>
<Project ToolsVersion="4.0" xmlns="http://schemas.microsoft.com/developer/msbuild/2003">
  <ItemGroup>
    <Filter Include="Source Files">
      <UniqueIdentifier>{4FC737F1-C7A5-4376-A066-2A32D752A2FF}</UniqueIdentifier>
      <Extensions>cpp;c;cc;cxx;def;odl;idl;hpj;bat;asm;asmx</Extensions>
    </Filter>
    <Filter Include="Header Files">
      <UniqueIdentifier>{93995380-89BD-4b04-88EB-625FBE52EBFB}</UniqueIdentifier>
      <Extensions>h;hpp;hxx;hm;inl;inc;xsd</Extensions>
    </Filter>
    <Filter Include="tests">
      <UniqueIdentifier>{13cda362-0b5e-4ab3-b2f2-aae677f808a3}</UniqueIdentifier>
    </Filter>
  </ItemGroup>
  <ItemGroup>
    <ClCompile Include="stdafx.c">
      <Filter>Source Files</Filter>
    </ClCompile>
    <ClCompile Include="test.c">
      <Filter>Source Files</Filter>
    </ClCompile>
  </ItemGroup>
  <ItemGroup>
    <ClInclude Include="stdafx.h">
      <Filter>Header Files</Filter>
    </ClInclude>
    <ClInclude Include="targetver.h">
      <Filter>Header Files</Filter>
    </ClInclude>
    <ClInclude Include="test_auth.h">
      <Filter>tests</Filter>
    </ClInclude>
    <ClInclude Include="test_dhcp.h">
      <Filter>tests</Filter>
    </ClInclude>
    <ClInclude Include="test_dhcp6.h">
      <Filter>tests</Filter>
    </ClInclude>
    <ClInclude Include="test_dns.h">
      <Filter>tests</Filter>
    </ClInclude>
    <ClInclude Include="test_ice.h">
      <Filter>tests</Filter>
    </ClInclude>
    <ClInclude Include="test_ifaces.h">
      <Filter>tests</Filter>
    </ClInclude>
    <ClInclude Include="test_nat.h">
      <Filter>tests</Filter>
    </ClInclude>
    <ClInclude Include="test_sockets.h">
      <Filter>tests</Filter>
    </ClInclude>
    <ClInclude Include="test_stun.h">
      <Filter>tests</Filter>
    </ClInclude>
    <ClInclude Include="test_tls.h">
      <Filter>tests</Filter>
    </ClInclude>
    <ClInclude Include="test_transport.h">
      <Filter>tests</Filter>
    </ClInclude>
  </ItemGroup>
</Project>