<?xml version="1.0" encoding="utf-8"?>
<Project ToolsVersion="4.0" xmlns="http://schemas.microsoft.com/developer/msbuild/2003">
  <ItemGroup>
    <Filter Include="ragel%28.rl%29">
      <UniqueIdentifier>{f395ec0a-626d-4e10-b232-19a0723ce925}</UniqueIdentifier>
    </Filter>
    <Filter Include="resources%28%2a.rc%29">
      <UniqueIdentifier>{ec6c5b43-81fc-48d4-9d0c-546b5e45e8ad}</UniqueIdentifier>
    </Filter>
    <Filter Include="dhcp">
      <UniqueIdentifier>{a0e2bf4e-5052-4948-92ed-1fdae1c061cb}</UniqueIdentifier>
    </Filter>
    <Filter Include="dhcp6">
      <UniqueIdentifier>{dae3e727-3bf7-402b-ba58-afba8279aa73}</UniqueIdentifier>
    </Filter>
    <Filter Include="dns">
      <UniqueIdentifier>{2c73c723-0357-4dc9-8600-fd9c55d8636c}</UniqueIdentifier>
    </Filter>
    <Filter Include="ice">
      <UniqueIdentifier>{e1d520ad-c747-4c34-a9e7-6fa9fda2e576}</UniqueIdentifier>
    </Filter>
    <Filter Include="stun">
      <UniqueIdentifier>{281e69a2-1bb8-4a83-90ca-5fa6acca70da}</UniqueIdentifier>
    </Filter>
    <Filter Include="tls">
      <UniqueIdentifier>{a59f36ea-6864-4582-9b9c-61ed2799a66f}</UniqueIdentifier>
    </Filter>
    <Filter Include="turn">
      <UniqueIdentifier>{69cbd8b5-9d64-4e6c-a045-f61a706ae5e8}</UniqueIdentifier>
    </Filter>
  </ItemGroup>
  <ItemGroup>
    <ClCompile Include="src\ice\tnet_ice_candidate.c">
      <Filter>ice</Filter>
    </ClCompile>
    <ClCompile Include="src\ice\tnet_ice_ctx.c">
      <Filter>ice</Filter>
    </ClCompile>
    <ClCompile Include="src\ice\tnet_ice_event.c">
      <Filter>ice</Filter>
    </ClCompile>
    <ClCompile Include="src\ice\tnet_ice_pair.c">
      <Filter>ice</Filter>
    </ClCompile>
    <ClCompile Include="src\ice\tnet_ice_utils.c">
      <Filter>ice</Filter>
    </ClCompile>
    <ClCompile Include="src\dns\tnet_dns.c">
      <Filter>dns</Filter>
    </ClCompile>
    <ClCompile Include="src\dns\tnet_dns_a.c">
      <Filter>dns</Filter>
    </ClCompile>
    <ClCompile Include="src\dns\tnet_dns_aaaa.c">
      <Filter>dns</Filter>
    </ClCompile>
    <ClCompile Include="src\dns\tnet_dns_cname.c">
      <Filter>dns</Filter>
    </ClCompile>
    <ClCompile Include="src\dns\tnet_dns_message.c">
      <Filter>dns</Filter>
    </ClCompile>
    <ClCompile Include="src\dns\tnet_dns_mx.c">
      <Filter>dns</Filter>
    </ClCompile>
    <ClCompile Include="src\dns\tnet_dns_naptr.c">
      <Filter>dns</Filter>
    </ClCompile>
    <ClCompile Include="src\dns\tnet_dns_ns.c">
      <Filter>dns</Filter>
    </ClCompile>
    <ClCompile Include="src\dns\tnet_dns_opt.c">
      <Filter>dns</Filter>
    </ClCompile>
    <ClCompile Include="src\dns\tnet_dns_ptr.c">
      <Filter>dns</Filter>
    </ClCompile>
    <ClCompile Include="src\dns\tnet_dns_regexp.c">
      <Filter>dns</Filter>
    </ClCompile>
    <ClCompile Include="src\dns\tnet_dns_resolvconf.c">
      <Filter>dns</Filter>
    </ClCompile>
    <ClCompile Include="src\dns\tnet_dns_rr.c">
      <Filter>dns</Filter>
    </ClCompile>
    <ClCompile Include="src\dns\tnet_dns_soa.c">
      <Filter>dns</Filter>
    </ClCompile>
    <ClCompile Include="src\dns\tnet_dns_srv.c">
      <Filter>dns</Filter>
    </ClCompile>
    <ClCompile Include="src\dns\tnet_dns_txt.c">
      <Filter>dns</Filter>
    </ClCompile>
    <ClCompile Include="src\stun\tnet_stun.c">
      <Filter>stun</Filter>
    </ClCompile>
    <ClCompile Include="src\stun\tnet_stun_attr.c">
      <Filter>stun</Filter>
    </ClCompile>
    <ClCompile Include="src\stun\tnet_stun_attribute.c">
      <Filter>stun</Filter>
    </ClCompile>
    <ClCompile Include="src\stun\tnet_stun_binding.c">
      <Filter>stun</Filter>
    </ClCompile>
    <ClCompile Include="src\stun\tnet_stun_message.c">
      <Filter>stun</Filter>
    </ClCompile>
    <ClCompile Include="src\stun\tnet_stun_pkt.c">
      <Filter>stun</Filter>
    </ClCompile>
    <ClCompile Include="src\stun\tnet_stun_utils.c">
      <Filter>stun</Filter>
    </ClCompile>
    <ClCompile Include="src\tls\tnet_dtls.c">
      <Filter>tls</Filter>
    </ClCompile>
    <ClCompile Include="src\tls\tnet_tls.c">
      <Filter>tls</Filter>
    </ClCompile>
    <ClCompile Include="src\turn\tnet_turn.c">
      <Filter>turn</Filter>
    </ClCompile>
    <ClCompile Include="src\turn\tnet_turn_attr.c">
      <Filter>turn</Filter>
    </ClCompile>
    <ClCompile Include="src\turn\tnet_turn_attribute.c">
      <Filter>turn</Filter>
    </ClCompile>
    <ClCompile Include="src\turn\tnet_turn_message.c">
      <Filter>turn</Filter>
    </ClCompile>
    <ClCompile Include="src\turn\tnet_turn_session.c">
      <Filter>turn</Filter>
    </ClCompile>
    <ClCompile Include="src\dhcp6\tnet_dhcp6_option.c">
      <Filter>dhcp6</Filter>
    </ClCompile>
    <ClCompile Include="src\dhcp6\tnet_dhcp6.c">
      <Filter>dhcp6</Filter>
    </ClCompile>
    <ClCompile Include="src\dhcp6\tnet_dhcp6_duid.c">
      <Filter>dhcp6</Filter>
    </ClCompile>
    <ClCompile Include="src\dhcp6\tnet_dhcp6_message.c">
      <Filter>dhcp6</Filter>
    </ClCompile>
    <ClCompile Include="src\dhcp\tnet_dhcp.c">
      <Filter>dhcp</Filter>
    </ClCompile>
    <ClCompile Include="src\dhcp\tnet_dhcp_message.c">
      <Filter>dhcp</Filter>
    </ClCompile>
    <ClCompile Include="src\dhcp\tnet_dhcp_option.c">
      <Filter>dhcp</Filter>
    </ClCompile>
    <ClCompile Include="src\dhcp\tnet_dhcp_option_sip.c">
      <Filter>dhcp</Filter>
    </ClCompile>
    <ClCompile Include="src\tnet.c" />
    <ClCompile Include="src\tnet_auth.c" />
    <ClCompile Include="src\tnet_endianness.c" />
    <ClCompile Include="src\tnet_nat.c" />
    <ClCompile Include="src\tnet_poll.c" />
    <ClCompile Include="src\tnet_proxy_node_socks_plugin.c" />
    <ClCompile Include="src\tnet_proxy_plugin.c" />
    <ClCompile Include="src\tnet_proxydetect.c" />
    <ClCompile Include="src\tnet_socket.c" />
    <ClCompile Include="src\tnet_transport.c" />
    <ClCompile Include="src\tnet_transport_cfsocket.c" />
    <ClCompile Include="src\tnet_transport_poll.c" />
    <ClCompile Include="src\tnet_transport_win32.c" />
    <ClCompile Include="src\tnet_utils.c" />
  </ItemGroup>
  <ItemGroup>
    <ClInclude Include="src\stun\tnet_stun.h">
      <Filter>stun</Filter>
    </ClInclude>
    <ClInclude Include="src\stun\tnet_stun_attr.h">
      <Filter>stun</Filter>
    </ClInclude>
    <ClInclude Include="src\stun\tnet_stun_attribute.h">
      <Filter>stun</Filter>
    </ClInclude>
    <ClInclude Include="src\stun\tnet_stun_binding.h">
      <Filter>stun</Filter>
    </ClInclude>
    <ClInclude Include="src\stun\tnet_stun_message.h">
      <Filter>stun</Filter>
    </ClInclude>
    <ClInclude Include="src\stun\tnet_stun_pkt.h">
      <Filter>stun</Filter>
    </ClInclude>
    <ClInclude Include="src\stun\tnet_stun_types.h">
      <Filter>stun</Filter>
    </ClInclude>
    <ClInclude Include="src\stun\tnet_stun_utils.h">
      <Filter>stun</Filter>
    </ClInclude>
    <ClInclude Include="src\turn\tnet_turn.h">
      <Filter>turn</Filter>
    </ClInclude>
    <ClInclude Include="src\turn\tnet_turn_attr.h">
      <Filter>turn</Filter>
    </ClInclude>
    <ClInclude Include="src\turn\tnet_turn_attribute.h">
      <Filter>turn</Filter>
    </ClInclude>
    <ClInclude Include="src\turn\tnet_turn_message.h">
      <Filter>turn</Filter>
    </ClInclude>
    <ClInclude Include="src\turn\tnet_turn_session.h">
      <Filter>turn</Filter>
    </ClInclude>
    <ClInclude Include="src\ice\tnet_ice_candidate.h">
      <Filter>ice</Filter>
    </ClInclude>
    <ClInclude Include="src\ice\tnet_ice_ctx.h">
      <Filter>ice</Filter>
    </ClInclude>
    <ClInclude Include="src\ice\tnet_ice_event.h">
      <Filter>ice</Filter>
    </ClInclude>
    <ClInclude Include="src\ice\tnet_ice_pair.h">
      <Filter>ice</Filter>
    </ClInclude>
    <ClInclude Include="src\ice\tnet_ice_utils.h">
      <Filter>ice</Filter>
    </ClInclude>
    <ClInclude Include="src\dns\tnet_dns.h">
      <Filter>dns</Filter>
    </ClInclude>
    <ClInclude Include="src\dns\tnet_dns_a.h">
      <Filter>dns</Filter>
    </ClInclude>
    <ClInclude Include="src\dns\tnet_dns_aaaa.h">
      <Filter>dns</Filter>
    </ClInclude>
    <ClInclude Include="src\dns\tnet_dns_cname.h">
      <Filter>dns</Filter>
    </ClInclude>
    <ClInclude Include="src\dns\tnet_dns_message.h">
      <Filter>dns</Filter>
    </ClInclude>
    <ClInclude Include="src\dns\tnet_dns_mx.h">
      <Filter>dns</Filter>
    </ClInclude>
    <ClInclude Include="src\dns\tnet_dns_naptr.h">
      <Filter>dns</Filter>
    </ClInclude>
    <ClInclude Include="src\dns\tnet_dns_ns.h">
      <Filter>dns</Filter>
    </ClInclude>
    <ClInclude Include="src\dns\tnet_dns_opt.h">
      <Filter>dns</Filter>
    </ClInclude>
    <ClInclude Include="src\dns\tnet_dns_ptr.h">
      <Filter>dns</Filter>
    </ClInclude>
    <ClInclude Include="src\dns\tnet_dns_regexp.h">
      <Filter>dns</Filter>
    </ClInclude>
    <ClInclude Include="src\dns\tnet_dns_resolvconf.h">
      <Filter>dns</Filter>
    </ClInclude>
    <ClInclude Include="src\dns\tnet_dns_rr.h">
      <Filter>dns</Filter>
    </ClInclude>
    <ClInclude Include="src\dns\tnet_dns_soa.h">
      <Filter>dns</Filter>
    </ClInclude>
    <ClInclude Include="src\dns\tnet_dns_srv.h">
      <Filter>dns</Filter>
    </ClInclude>
    <ClInclude Include="src\dns\tnet_dns_txt.h">
      <Filter>dns</Filter>
    </ClInclude>
    <ClInclude Include="src\dhcp\tnet_dhcp.h">
      <Filter>dhcp</Filter>
    </ClInclude>
    <ClInclude Include="src\dhcp\tnet_dhcp_message.h">
      <Filter>dhcp</Filter>
    </ClInclude>
    <ClInclude Include="src\dhcp\tnet_dhcp_option.h">
      <Filter>dhcp</Filter>
    </ClInclude>
    <ClInclude Include="src\dhcp\tnet_dhcp_option_sip.h">
      <Filter>dhcp</Filter>
    </ClInclude>
    <ClInclude Include="src\dhcp6\tnet_dhcp6.h">
      <Filter>dhcp6</Filter>
    </ClInclude>
    <ClInclude Include="src\dhcp6\tnet_dhcp6_duid.h">
      <Filter>dhcp6</Filter>
    </ClInclude>
    <ClInclude Include="src\dhcp6\tnet_dhcp6_message.h">
      <Filter>dhcp6</Filter>
    </ClInclude>
    <ClInclude Include="src\dhcp6\tnet_dhcp6_option.h">
      <Filter>dhcp6</Filter>
    </ClInclude>
    <ClInclude Include="src\tls\tnet_dtls.h">
      <Filter>tls</Filter>
    </ClInclude>
    <ClInclude Include="src\tls\tnet_tls.h">
      <Filter>tls</Filter>
    </ClInclude>
    <ClInclude Include="src\tinynet.h" />
    <ClInclude Include="src\tinynet_config.h" />
    <ClInclude Include="src\tnet.h" />
    <ClInclude Include="src\tnet_auth.h" />
    <ClInclude Include="src\tnet_endianness.h" />
    <ClInclude Include="src\tnet_hardwares.h" />
    <ClInclude Include="src\tnet_nat.h" />
    <ClInclude Include="src\tnet_poll.h" />
    <ClInclude Include="src\tnet_proto.h" />
    <ClInclude Include="src\tnet_proxy_node_socks_plugin.h" />
    <ClInclude Include="src\tnet_proxy_plugin.h" />
    <ClInclude Include="src\tnet_proxydetect.h" />
    <ClInclude Include="src\tnet_socket.h" />
    <ClInclude Include="src\tnet_transport.h" />
    <ClInclude Include="src\tnet_types.h" />
    <ClInclude Include="src\tnet_utils.h" />
  </ItemGroup>
  <ItemGroup>
    <None Include="ragel\tnet_dns_regexp.rl">
      <Filter>ragel%28.rl%29</Filter>
    </None>
    <None Include="ragel\tnet_dns_resolvconf.rl">
      <Filter>ragel%28.rl%29</Filter>
    </None>
  </ItemGroup>
  <ItemGroup>
    <ResourceCompile Include="version.rc">
      <Filter>resources%28%2a.rc%29</Filter>
    </ResourceCompile>
  </ItemGroup>
</Project>